{
  "name": "saccoVote",
  "lockfileVersion": 3,
  "requires": true,
  "packages": {
    "": {
      "dependencies": {
        "react-navigation": "^5.0.0"
      }
    },
    "node_modules/react-navigation": {
      "version": "5.0.0",
      "resolved": "https://registry.npmjs.org/react-navigation/-/react-navigation-5.0.0.tgz",
      "integrity": "sha512-ACTzjc4L1ik7rJ092ZhIELBJ/pnoLgRIqWHSKcYcaBASxyjJCgBEDIV5s585HBj55tw25YwNdlj3+d4B4MYWDg==",
      "deprecated": "This package is no longer supported. Please use @react-navigation/native instead. See https://reactnavigation.org/docs/getting-started/ for usage guide"
    }
  }
}
